
Microsoft Visual Studio Solution File, Format Version 12.00
# Visual Studio Version 17
VisualStudioVersion = 17.1.32228.430
MinimumVisualStudioVersion = 10.0.40219.1
Project("{9A19103F-16F7-4668-BE54-9A1E7A4F7556}") = "BaseHelper", "BaseHelper.csproj", "{8E45A698-39D8-4965-A5ED-45D458EBCD5B}"
EndProject
Project("{9A19103F-16F7-4668-BE54-9A1E7A4F7556}") = "MarkupReader", "..\MakupReader\MarkupReader.csproj", "{5F546D2C-B334-4CFE-84B5-BC6DD60B4CB4}"
EndProject
Project("{9A19103F-16F7-4668-BE54-9A1E7A4F7556}") = "MarkupReader_Test", "..\MarkupReader_Test\MarkupReader_Test.csproj", "{F893E6B7-72D9-4EFE-9465-1C1E6318BE04}"
EndProject
Project("{9A19103F-16F7-4668-BE54-9A1E7A4F7556}") = "BaseSQL", "..\BaseSQL\BaseSQL.csproj", "{00187649-342E-4E10-A20E-8466CBE16BF4}"
EndProject
Project("{9A19103F-16F7-4668-BE54-9A1E7A4F7556}") = "ClassMaker", "..\ClassMaker\ClassMaker.csproj", "{C06E0E14-86C4-44FA-937C-8F4C99F66DC7}"
EndProject
Project("{9A19103F-16F7-4668-BE54-9A1E7A4F7556}") = "ClassMaler_Test", "..\ClassMaler_Test\ClassMaler_Test.csproj", "{FC132AAB-B454-4D83-B04C-BDE60FA63605}"
EndProject
Project("{FAE04EC0-301F-11D3-BF4B-00C04F79EFBC}") = "SQLHelperTest", "..\SQLHelperTest\SQLHelperTest.csproj", "{31378461-EF09-4F8A-92B7-8F7F46080884}"
EndProject
Global
	GlobalSection(SolutionConfigurationPlatforms) = preSolution
		Debug|Any CPU = Debug|Any CPU
		Debug|ARM = Debug|ARM
		Debug|ARM64 = Debug|ARM64
		Debug|x64 = Debug|x64
		Debug|x86 = Debug|x86
		Release|Any CPU = Release|Any CPU
		Release|ARM = Release|ARM
		Release|ARM64 = Release|ARM64
		Release|x64 = Release|x64
		Release|x86 = Release|x86
	EndGlobalSection
	GlobalSection(ProjectConfigurationPlatforms) = postSolution
		{8E45A698-39D8-4965-A5ED-45D458EBCD5B}.Debug|Any CPU.ActiveCfg = Debug|Any CPU
		{8E45A698-39D8-4965-A5ED-45D458EBCD5B}.Debug|Any CPU.Build.0 = Debug|Any CPU
		{8E45A698-39D8-4965-A5ED-45D458EBCD5B}.Debug|ARM.ActiveCfg = Debug|Any CPU
		{8E45A698-39D8-4965-A5ED-45D458EBCD5B}.Debug|ARM.Build.0 = Debug|Any CPU
		{8E45A698-39D8-4965-A5ED-45D458EBCD5B}.Debug|ARM64.ActiveCfg = Debug|Any CPU
		{8E45A698-39D8-4965-A5ED-45D458EBCD5B}.Debug|ARM64.Build.0 = Debug|Any CPU
		{8E45A698-39D8-4965-A5ED-45D458EBCD5B}.Debug|x64.ActiveCfg = Debug|Any CPU
		{8E45A698-39D8-4965-A5ED-45D458EBCD5B}.Debug|x64.Build.0 = Debug|Any CPU
		{8E45A698-39D8-4965-A5ED-45D458EBCD5B}.Debug|x86.ActiveCfg = Debug|Any CPU
		{8E45A698-39D8-4965-A5ED-45D458EBCD5B}.Debug|x86.Build.0 = Debug|Any CPU
		{8E45A698-39D8-4965-A5ED-45D458EBCD5B}.Release|Any CPU.ActiveCfg = Release|Any CPU
		{8E45A698-39D8-4965-A5ED-45D458EBCD5B}.Release|Any CPU.Build.0 = Release|Any CPU
		{8E45A698-39D8-4965-A5ED-45D458EBCD5B}.Release|ARM.ActiveCfg = Release|Any CPU
		{8E45A698-39D8-4965-A5ED-45D458EBCD5B}.Release|ARM.Build.0 = Release|Any CPU
		{8E45A698-39D8-4965-A5ED-45D458EBCD5B}.Release|ARM64.ActiveCfg = Release|Any CPU
		{8E45A698-39D8-4965-A5ED-45D458EBCD5B}.Release|ARM64.Build.0 = Release|Any CPU
		{8E45A698-39D8-4965-A5ED-45D458EBCD5B}.Release|x64.ActiveCfg = Release|Any CPU
		{8E45A698-39D8-4965-A5ED-45D458EBCD5B}.Release|x64.Build.0 = Release|Any CPU
		{8E45A698-39D8-4965-A5ED-45D458EBCD5B}.Release|x86.ActiveCfg = Release|Any CPU
		{8E45A698-39D8-4965-A5ED-45D458EBCD5B}.Release|x86.Build.0 = Release|Any CPU
		{5F546D2C-B334-4CFE-84B5-BC6DD60B4CB4}.Debug|Any CPU.ActiveCfg = Debug|Any CPU
		{5F546D2C-B334-4CFE-84B5-BC6DD60B4CB4}.Debug|Any CPU.Build.0 = Debug|Any CPU
		{5F546D2C-B334-4CFE-84B5-BC6DD60B4CB4}.Debug|ARM.ActiveCfg = Debug|Any CPU
		{5F546D2C-B334-4CFE-84B5-BC6DD60B4CB4}.Debug|ARM.Build.0 = Debug|Any CPU
		{5F546D2C-B334-4CFE-84B5-BC6DD60B4CB4}.Debug|ARM64.ActiveCfg = Debug|Any CPU
		{5F546D2C-B334-4CFE-84B5-BC6DD60B4CB4}.Debug|ARM64.Build.0 = Debug|Any CPU
		{5F546D2C-B334-4CFE-84B5-BC6DD60B4CB4}.Debug|x64.ActiveCfg = Debug|Any CPU
		{5F546D2C-B334-4CFE-84B5-BC6DD60B4CB4}.Debug|x64.Build.0 = Debug|Any CPU
		{5F546D2C-B334-4CFE-84B5-BC6DD60B4CB4}.Debug|x86.ActiveCfg = Debug|Any CPU
		{5F546D2C-B334-4CFE-84B5-BC6DD60B4CB4}.Debug|x86.Build.0 = Debug|Any CPU
		{5F546D2C-B334-4CFE-84B5-BC6DD60B4CB4}.Release|Any CPU.ActiveCfg = Release|Any CPU
		{5F546D2C-B334-4CFE-84B5-BC6DD60B4CB4}.Release|Any CPU.Build.0 = Release|Any CPU
		{5F546D2C-B334-4CFE-84B5-BC6DD60B4CB4}.Release|ARM.ActiveCfg = Release|Any CPU
		{5F546D2C-B334-4CFE-84B5-BC6DD60B4CB4}.Release|ARM.Build.0 = Release|Any CPU
		{5F546D2C-B334-4CFE-84B5-BC6DD60B4CB4}.Release|ARM64.ActiveCfg = Release|Any CPU
		{5F546D2C-B334-4CFE-84B5-BC6DD60B4CB4}.Release|ARM64.Build.0 = Release|Any CPU
		{5F546D2C-B334-4CFE-84B5-BC6DD60B4CB4}.Release|x64.ActiveCfg = Release|Any CPU
		{5F546D2C-B334-4CFE-84B5-BC6DD60B4CB4}.Release|x64.Build.0 = Release|Any CPU
		{5F546D2C-B334-4CFE-84B5-BC6DD60B4CB4}.Release|x86.ActiveCfg = Release|Any CPU
		{5F546D2C-B334-4CFE-84B5-BC6DD60B4CB4}.Release|x86.Build.0 = Release|Any CPU
		{F893E6B7-72D9-4EFE-9465-1C1E6318BE04}.Debug|Any CPU.ActiveCfg = Debug|Any CPU
		{F893E6B7-72D9-4EFE-9465-1C1E6318BE04}.Debug|Any CPU.Build.0 = Debug|Any CPU
		{F893E6B7-72D9-4EFE-9465-1C1E6318BE04}.Debug|ARM.ActiveCfg = Debug|Any CPU
		{F893E6B7-72D9-4EFE-9465-1C1E6318BE04}.Debug|ARM.Build.0 = Debug|Any CPU
		{F893E6B7-72D9-4EFE-9465-1C1E6318BE04}.Debug|ARM64.ActiveCfg = Debug|Any CPU
		{F893E6B7-72D9-4EFE-9465-1C1E6318BE04}.Debug|ARM64.Build.0 = Debug|Any CPU
		{F893E6B7-72D9-4EFE-9465-1C1E6318BE04}.Debug|x64.ActiveCfg = Debug|Any CPU
		{F893E6B7-72D9-4EFE-9465-1C1E6318BE04}.Debug|x64.Build.0 = Debug|Any CPU
		{F893E6B7-72D9-4EFE-9465-1C1E6318BE04}.Debug|x86.ActiveCfg = Debug|Any CPU
		{F893E6B7-72D9-4EFE-9465-1C1E6318BE04}.Debug|x86.Build.0 = Debug|Any CPU
		{F893E6B7-72D9-4EFE-9465-1C1E6318BE04}.Release|Any CPU.ActiveCfg = Release|Any CPU
		{F893E6B7-72D9-4EFE-9465-1C1E6318BE04}.Release|Any CPU.Build.0 = Release|Any CPU
		{F893E6B7-72D9-4EFE-9465-1C1E6318BE04}.Release|ARM.ActiveCfg = Release|Any CPU
		{F893E6B7-72D9-4EFE-9465-1C1E6318BE04}.Release|ARM.Build.0 = Release|Any CPU
		{F893E6B7-72D9-4EFE-9465-1C1E6318BE04}.Release|ARM64.ActiveCfg = Release|Any CPU
		{F893E6B7-72D9-4EFE-9465-1C1E6318BE04}.Release|ARM64.Build.0 = Release|Any CPU
		{F893E6B7-72D9-4EFE-9465-1C1E6318BE04}.Release|x64.ActiveCfg = Release|Any CPU
		{F893E6B7-72D9-4EFE-9465-1C1E6318BE04}.Release|x64.Build.0 = Release|Any CPU
		{F893E6B7-72D9-4EFE-9465-1C1E6318BE04}.Release|x86.ActiveCfg = Release|Any CPU
		{F893E6B7-72D9-4EFE-9465-1C1E6318BE04}.Release|x86.Build.0 = Release|Any CPU
		{00187649-342E-4E10-A20E-8466CBE16BF4}.Debug|Any CPU.ActiveCfg = Debug|Any CPU
		{00187649-342E-4E10-A20E-8466CBE16BF4}.Debug|Any CPU.Build.0 = Debug|Any CPU
		{00187649-342E-4E10-A20E-8466CBE16BF4}.Debug|ARM.ActiveCfg = Debug|Any CPU
		{00187649-342E-4E10-A20E-8466CBE16BF4}.Debug|ARM.Build.0 = Debug|Any CPU
		{00187649-342E-4E10-A20E-8466CBE16BF4}.Debug|ARM64.ActiveCfg = Debug|Any CPU
		{00187649-342E-4E10-A20E-8466CBE16BF4}.Debug|ARM64.Build.0 = Debug|Any CPU
		{00187649-342E-4E10-A20E-8466CBE16BF4}.Debug|x64.ActiveCfg = Debug|Any CPU
		{00187649-342E-4E10-A20E-8466CBE16BF4}.Debug|x64.Build.0 = Debug|Any CPU
		{00187649-342E-4E10-A20E-8466CBE16BF4}.Debug|x86.ActiveCfg = Debug|Any CPU
		{00187649-342E-4E10-A20E-8466CBE16BF4}.Debug|x86.Build.0 = Debug|Any CPU
		{00187649-342E-4E10-A20E-8466CBE16BF4}.Release|Any CPU.ActiveCfg = Release|Any CPU
		{00187649-342E-4E10-A20E-8466CBE16BF4}.Release|Any CPU.Build.0 = Release|Any CPU
		{00187649-342E-4E10-A20E-8466CBE16BF4}.Release|ARM.ActiveCfg = Release|Any CPU
		{00187649-342E-4E10-A20E-8466CBE16BF4}.Release|ARM.Build.0 = Release|Any CPU
		{00187649-342E-4E10-A20E-8466CBE16BF4}.Release|ARM64.ActiveCfg = Release|Any CPU
		{00187649-342E-4E10-A20E-8466CBE16BF4}.Release|ARM64.Build.0 = Release|Any CPU
		{00187649-342E-4E10-A20E-8466CBE16BF4}.Release|x64.ActiveCfg = Release|Any CPU
		{00187649-342E-4E10-A20E-8466CBE16BF4}.Release|x64.Build.0 = Release|Any CPU
		{00187649-342E-4E10-A20E-8466CBE16BF4}.Release|x86.ActiveCfg = Release|Any CPU
		{00187649-342E-4E10-A20E-8466CBE16BF4}.Release|x86.Build.0 = Release|Any CPU
		{C06E0E14-86C4-44FA-937C-8F4C99F66DC7}.Debug|Any CPU.ActiveCfg = Debug|Any CPU
		{C06E0E14-86C4-44FA-937C-8F4C99F66DC7}.Debug|Any CPU.Build.0 = Debug|Any CPU
		{C06E0E14-86C4-44FA-937C-8F4C99F66DC7}.Debug|ARM.ActiveCfg = Debug|Any CPU
		{C06E0E14-86C4-44FA-937C-8F4C99F66DC7}.Debug|ARM.Build.0 = Debug|Any CPU
		{C06E0E14-86C4-44FA-937C-8F4C99F66DC7}.Debug|ARM64.ActiveCfg = Debug|Any CPU
		{C06E0E14-86C4-44FA-937C-8F4C99F66DC7}.Debug|ARM64.Build.0 = Debug|Any CPU
		{C06E0E14-86C4-44FA-937C-8F4C99F66DC7}.Debug|x64.ActiveCfg = Debug|Any CPU
		{C06E0E14-86C4-44FA-937C-8F4C99F66DC7}.Debug|x64.Build.0 = Debug|Any CPU
		{C06E0E14-86C4-44FA-937C-8F4C99F66DC7}.Debug|x86.ActiveCfg = Debug|Any CPU
		{C06E0E14-86C4-44FA-937C-8F4C99F66DC7}.Debug|x86.Build.0 = Debug|Any CPU
		{C06E0E14-86C4-44FA-937C-8F4C99F66DC7}.Release|Any CPU.ActiveCfg = Release|Any CPU
		{C06E0E14-86C4-44FA-937C-8F4C99F66DC7}.Release|Any CPU.Build.0 = Release|Any CPU
		{C06E0E14-86C4-44FA-937C-8F4C99F66DC7}.Release|ARM.ActiveCfg = Release|Any CPU
		{C06E0E14-86C4-44FA-937C-8F4C99F66DC7}.Release|ARM.Build.0 = Release|Any CPU
		{C06E0E14-86C4-44FA-937C-8F4C99F66DC7}.Release|ARM64.ActiveCfg = Release|Any CPU
		{C06E0E14-86C4-44FA-937C-8F4C99F66DC7}.Release|ARM64.Build.0 = Release|Any CPU
		{C06E0E14-86C4-44FA-937C-8F4C99F66DC7}.Release|x64.ActiveCfg = Release|Any CPU
		{C06E0E14-86C4-44FA-937C-8F4C99F66DC7}.Release|x64.Build.0 = Release|Any CPU
		{C06E0E14-86C4-44FA-937C-8F4C99F66DC7}.Release|x86.ActiveCfg = Release|Any CPU
		{C06E0E14-86C4-44FA-937C-8F4C99F66DC7}.Release|x86.Build.0 = Release|Any CPU
		{FC132AAB-B454-4D83-B04C-BDE60FA63605}.Debug|Any CPU.ActiveCfg = Debug|Any CPU
		{FC132AAB-B454-4D83-B04C-BDE60FA63605}.Debug|Any CPU.Build.0 = Debug|Any CPU
		{FC132AAB-B454-4D83-B04C-BDE60FA63605}.Debug|ARM.ActiveCfg = Debug|Any CPU
		{FC132AAB-B454-4D83-B04C-BDE60FA63605}.Debug|ARM.Build.0 = Debug|Any CPU
		{FC132AAB-B454-4D83-B04C-BDE60FA63605}.Debug|ARM64.ActiveCfg = Debug|Any CPU
		{FC132AAB-B454-4D83-B04C-BDE60FA63605}.Debug|ARM64.Build.0 = Debug|Any CPU
		{FC132AAB-B454-4D83-B04C-BDE60FA63605}.Debug|x64.ActiveCfg = Debug|Any CPU
		{FC132AAB-B454-4D83-B04C-BDE60FA63605}.Debug|x64.Build.0 = Debug|Any CPU
		{FC132AAB-B454-4D83-B04C-BDE60FA63605}.Debug|x86.ActiveCfg = Debug|Any CPU
		{FC132AAB-B454-4D83-B04C-BDE60FA63605}.Debug|x86.Build.0 = Debug|Any CPU
		{FC132AAB-B454-4D83-B04C-BDE60FA63605}.Release|Any CPU.ActiveCfg = Release|Any CPU
		{FC132AAB-B454-4D83-B04C-BDE60FA63605}.Release|Any CPU.Build.0 = Release|Any CPU
		{FC132AAB-B454-4D83-B04C-BDE60FA63605}.Release|ARM.ActiveCfg = Release|Any CPU
		{FC132AAB-B454-4D83-B04C-BDE60FA63605}.Release|ARM.Build.0 = Release|Any CPU
		{FC132AAB-B454-4D83-B04C-BDE60FA63605}.Release|ARM64.ActiveCfg = Release|Any CPU
		{FC132AAB-B454-4D83-B04C-BDE60FA63605}.Release|ARM64.Build.0 = Release|Any CPU
		{FC132AAB-B454-4D83-B04C-BDE60FA63605}.Release|x64.ActiveCfg = Release|Any CPU
		{FC132AAB-B454-4D83-B04C-BDE60FA63605}.Release|x64.Build.0 = Release|Any CPU
		{FC132AAB-B454-4D83-B04C-BDE60FA63605}.Release|x86.ActiveCfg = Release|Any CPU
		{FC132AAB-B454-4D83-B04C-BDE60FA63605}.Release|x86.Build.0 = Release|Any CPU
		{31378461-EF09-4F8A-92B7-8F7F46080884}.Debug|Any CPU.ActiveCfg = Debug|Any CPU
		{31378461-EF09-4F8A-92B7-8F7F46080884}.Debug|Any CPU.Build.0 = Debug|Any CPU
		{31378461-EF09-4F8A-92B7-8F7F46080884}.Debug|ARM.ActiveCfg = Debug|Any CPU
		{31378461-EF09-4F8A-92B7-8F7F46080884}.Debug|ARM.Build.0 = Debug|Any CPU
		{31378461-EF09-4F8A-92B7-8F7F46080884}.Debug|ARM64.ActiveCfg = Debug|Any CPU
		{31378461-EF09-4F8A-92B7-8F7F46080884}.Debug|ARM64.Build.0 = Debug|Any CPU
		{31378461-EF09-4F8A-92B7-8F7F46080884}.Debug|x64.ActiveCfg = Debug|Any CPU
		{31378461-EF09-4F8A-92B7-8F7F46080884}.Debug|x64.Build.0 = Debug|Any CPU
		{31378461-EF09-4F8A-92B7-8F7F46080884}.Debug|x86.ActiveCfg = Debug|Any CPU
		{31378461-EF09-4F8A-92B7-8F7F46080884}.Debug|x86.Build.0 = Debug|Any CPU
		{31378461-EF09-4F8A-92B7-8F7F46080884}.Release|Any CPU.ActiveCfg = Release|Any CPU
		{31378461-EF09-4F8A-92B7-8F7F46080884}.Release|Any CPU.Build.0 = Release|Any CPU
		{31378461-EF09-4F8A-92B7-8F7F46080884}.Release|ARM.ActiveCfg = Release|Any CPU
		{31378461-EF09-4F8A-92B7-8F7F46080884}.Release|ARM.Build.0 = Release|Any CPU
		{31378461-EF09-4F8A-92B7-8F7F46080884}.Release|ARM64.ActiveCfg = Release|Any CPU
		{31378461-EF09-4F8A-92B7-8F7F46080884}.Release|ARM64.Build.0 = Release|Any CPU
		{31378461-EF09-4F8A-92B7-8F7F46080884}.Release|x64.ActiveCfg = Release|Any CPU
		{31378461-EF09-4F8A-92B7-8F7F46080884}.Release|x64.Build.0 = Release|Any CPU
		{31378461-EF09-4F8A-92B7-8F7F46080884}.Release|x86.ActiveCfg = Release|Any CPU
		{31378461-EF09-4F8A-92B7-8F7F46080884}.Release|x86.Build.0 = Release|Any CPU
	EndGlobalSection
	GlobalSection(SolutionProperties) = preSolution
		HideSolutionNode = FALSE
	EndGlobalSection
	GlobalSection(ExtensibilityGlobals) = postSolution
		SolutionGuid = {5E1A34C3-2218-4966-99B3-7DDDA1A15B4D}
	EndGlobalSection
EndGlobal
